// !$*UTF8*$!
{
	archiveVersion = 1;
	classes = {
	};
	objectVersion = 56;
	objects = {

/* Begin PBXBuildFile section */
		C715194E2BA1B47500E0935B /* Font.swift in Sources */ = {isa = PBXBuildFile; fileRef = C715194D2BA1B47500E0935B /* Font.swift */; };
		C71519502BA1B48700E0935B /* Constraint.swift in Sources */ = {isa = PBXBuildFile; fileRef = C715194F2BA1B48700E0935B /* Constraint.swift */; };
		C71519522BA1C82A00E0935B /* NoteTableViewCell.swift in Sources */ = {isa = PBXBuildFile; fileRef = C71519512BA1C82A00E0935B /* NoteTableViewCell.swift */; };
		C71519562BA1DB6700E0935B /* NoteViewController.swift in Sources */ = {isa = PBXBuildFile; fileRef = C71519552BA1DB6700E0935B /* NoteViewController.swift */; };
		C71519592BA1DEB400E0935B /* Coordinator.swift in Sources */ = {isa = PBXBuildFile; fileRef = C71519582BA1DEB400E0935B /* Coordinator.swift */; };
		C715195B2BA1E08300E0935B /* BaseCoordinator.swift in Sources */ = {isa = PBXBuildFile; fileRef = C715195A2BA1E08300E0935B /* BaseCoordinator.swift */; };
		C715195D2BA1E10B00E0935B /* AppCoordinator.swift in Sources */ = {isa = PBXBuildFile; fileRef = C715195C2BA1E10B00E0935B /* AppCoordinator.swift */; };
		C715195F2BA1E1CF00E0935B /* MainScreenCoordinator.swift in Sources */ = {isa = PBXBuildFile; fileRef = C715195E2BA1E1CF00E0935B /* MainScreenCoordinator.swift */; };
		C71519612BA1E5F000E0935B /* NoteViewCoordinator.swift in Sources */ = {isa = PBXBuildFile; fileRef = C71519602BA1E5F000E0935B /* NoteViewCoordinator.swift */; };
		C73A14572BA1873C0013D7DD /* AppDelegate.swift in Sources */ = {isa = PBXBuildFile; fileRef = C73A14562BA1873C0013D7DD /* AppDelegate.swift */; };
		C73A14592BA1873C0013D7DD /* SceneDelegate.swift in Sources */ = {isa = PBXBuildFile; fileRef = C73A14582BA1873C0013D7DD /* SceneDelegate.swift */; };
		C73A145B2BA1873C0013D7DD /* ViewController.swift in Sources */ = {isa = PBXBuildFile; fileRef = C73A145A2BA1873C0013D7DD /* ViewController.swift */; };
		C73A14602BA187400013D7DD /* Assets.xcassets in Resources */ = {isa = PBXBuildFile; fileRef = C73A145F2BA187400013D7DD /* Assets.xcassets */; };
		C73A14632BA187400013D7DD /* LaunchScreen.storyboard in Resources */ = {isa = PBXBuildFile; fileRef = C73A14612BA187400013D7DD /* LaunchScreen.storyboard */; };
		C74CB40B2BA6F92F005A65AB /* NoteModel.swift in Sources */ = {isa = PBXBuildFile; fileRef = C74CB40A2BA6F92F005A65AB /* NoteModel.swift */; };
		C74CB40E2BA6F9F2005A65AB /* NotesManager.swift in Sources */ = {isa = PBXBuildFile; fileRef = C74CB40D2BA6F9F2005A65AB /* NotesManager.swift */; };
		C74CB4122BA6FD08005A65AB /* NoteScreenPresenter.swift in Sources */ = {isa = PBXBuildFile; fileRef = C74CB4112BA6FD08005A65AB /* NoteScreenPresenter.swift */; };
		CF29EAC65BE31ABC11231970 /* libPods-TryNotesApp.a in Frameworks */ = {isa = PBXBuildFile; fileRef = ED2463F04E044C7B7A4BEBDC /* libPods-TryNotesApp.a */; };
/* End PBXBuildFile section */

/* Begin PBXFileReference section */
		628A9196FB32B27D3DEF3BAF /* Pods-TryNotesApp.debug.xcconfig */ = {isa = PBXFileReference; includeInIndex = 1; lastKnownFileType = text.xcconfig; name = "Pods-TryNotesApp.debug.xcconfig"; path = "Target Support Files/Pods-TryNotesApp/Pods-TryNotesApp.debug.xcconfig"; sourceTree = "<group>"; };
		C715194D2BA1B47500E0935B /* Font.swift */ = {isa = PBXFileReference; lastKnownFileType = sourcecode.swift; path = Font.swift; sourceTree = "<group>"; };
		C715194F2BA1B48700E0935B /* Constraint.swift */ = {isa = PBXFileReference; lastKnownFileType = sourcecode.swift; path = Constraint.swift; sourceTree = "<group>"; };
		C71519512BA1C82A00E0935B /* NoteTableViewCell.swift */ = {isa = PBXFileReference; lastKnownFileType = sourcecode.swift; path = NoteTableViewCell.swift; sourceTree = "<group>"; };
		C71519552BA1DB6700E0935B /* NoteViewController.swift */ = {isa = PBXFileReference; lastKnownFileType = sourcecode.swift; path = NoteViewController.swift; sourceTree = "<group>"; };
		C71519582BA1DEB400E0935B /* Coordinator.swift */ = {isa = PBXFileReference; lastKnownFileType = sourcecode.swift; path = Coordinator.swift; sourceTree = "<group>"; };
		C715195A2BA1E08300E0935B /* BaseCoordinator.swift */ = {isa = PBXFileReference; lastKnownFileType = sourcecode.swift; path = BaseCoordinator.swift; sourceTree = "<group>"; };
		C715195C2BA1E10B00E0935B /* AppCoordinator.swift */ = {isa = PBXFileReference; lastKnownFileType = sourcecode.swift; path = AppCoordinator.swift; sourceTree = "<group>"; };
		C715195E2BA1E1CF00E0935B /* MainScreenCoordinator.swift */ = {isa = PBXFileReference; lastKnownFileType = sourcecode.swift; path = MainScreenCoordinator.swift; sourceTree = "<group>"; };
		C71519602BA1E5F000E0935B /* NoteViewCoordinator.swift */ = {isa = PBXFileReference; lastKnownFileType = sourcecode.swift; path = NoteViewCoordinator.swift; sourceTree = "<group>"; };
		C73A14532BA1873C0013D7DD /* TryNotesApp.app */ = {isa = PBXFileReference; explicitFileType = wrapper.application; includeInIndex = 0; path = TryNotesApp.app; sourceTree = BUILT_PRODUCTS_DIR; };
		C73A14562BA1873C0013D7DD /* AppDelegate.swift */ = {isa = PBXFileReference; lastKnownFileType = sourcecode.swift; path = AppDelegate.swift; sourceTree = "<group>"; };
		C73A14582BA1873C0013D7DD /* SceneDelegate.swift */ = {isa = PBXFileReference; lastKnownFileType = sourcecode.swift; path = SceneDelegate.swift; sourceTree = "<group>"; };
		C73A145A2BA1873C0013D7DD /* ViewController.swift */ = {isa = PBXFileReference; lastKnownFileType = sourcecode.swift; path = ViewController.swift; sourceTree = "<group>"; };
		C73A145F2BA187400013D7DD /* Assets.xcassets */ = {isa = PBXFileReference; lastKnownFileType = folder.assetcatalog; path = Assets.xcassets; sourceTree = "<group>"; };
		C73A14622BA187400013D7DD /* Base */ = {isa = PBXFileReference; lastKnownFileType = file.storyboard; name = Base; path = Base.lproj/LaunchScreen.storyboard; sourceTree = "<group>"; };
		C73A14642BA187400013D7DD /* Info.plist */ = {isa = PBXFileReference; lastKnownFileType = text.plist.xml; path = Info.plist; sourceTree = "<group>"; };
		C74CB40A2BA6F92F005A65AB /* NoteModel.swift */ = {isa = PBXFileReference; lastKnownFileType = sourcecode.swift; path = NoteModel.swift; sourceTree = "<group>"; };
		C74CB40D2BA6F9F2005A65AB /* NotesManager.swift */ = {isa = PBXFileReference; lastKnownFileType = sourcecode.swift; path = NotesManager.swift; sourceTree = "<group>"; };
		C74CB4112BA6FD08005A65AB /* NoteScreenPresenter.swift */ = {isa = PBXFileReference; lastKnownFileType = sourcecode.swift; path = NoteScreenPresenter.swift; sourceTree = "<group>"; };
		E7E5C6EBF1371E1265C0A4F3 /* Pods-TryNotesApp.release.xcconfig */ = {isa = PBXFileReference; includeInIndex = 1; lastKnownFileType = text.xcconfig; name = "Pods-TryNotesApp.release.xcconfig"; path = "Target Support Files/Pods-TryNotesApp/Pods-TryNotesApp.release.xcconfig"; sourceTree = "<group>"; };
		ED2463F04E044C7B7A4BEBDC /* libPods-TryNotesApp.a */ = {isa = PBXFileReference; explicitFileType = archive.ar; includeInIndex = 0; path = "libPods-TryNotesApp.a"; sourceTree = BUILT_PRODUCTS_DIR; };
/* End PBXFileReference section */

/* Begin PBXFrameworksBuildPhase section */
		C73A14502BA1873C0013D7DD /* Frameworks */ = {
			isa = PBXFrameworksBuildPhase;
			buildActionMask = 2147483647;
			files = (
				CF29EAC65BE31ABC11231970 /* libPods-TryNotesApp.a in Frameworks */,
			);
			runOnlyForDeploymentPostprocessing = 0;
		};
/* End PBXFrameworksBuildPhase section */

/* Begin PBXGroup section */
		B00A359501D61C0CEBA512B4 /* Frameworks */ = {
			isa = PBXGroup;
			children = (
				ED2463F04E044C7B7A4BEBDC /* libPods-TryNotesApp.a */,
			);
			name = Frameworks;
			sourceTree = "<group>";
		};
		C715194C2BA1B45300E0935B /* Metrics */ = {
			isa = PBXGroup;
			children = (
				C715194D2BA1B47500E0935B /* Font.swift */,
				C715194F2BA1B48700E0935B /* Constraint.swift */,
			);
			path = Metrics;
			sourceTree = "<group>";
		};
		C71519532BA1DB0200E0935B /* MainScreen */ = {
			isa = PBXGroup;
			children = (
				C73A145A2BA1873C0013D7DD /* ViewController.swift */,
				C71519512BA1C82A00E0935B /* NoteTableViewCell.swift */,
				C715195E2BA1E1CF00E0935B /* MainScreenCoordinator.swift */,
				C74CB40A2BA6F92F005A65AB /* NoteModel.swift */,
			);
			path = MainScreen;
			sourceTree = "<group>";
		};
		C71519542BA1DB4200E0935B /* NoteScreen */ = {
			isa = PBXGroup;
			children = (
				C71519552BA1DB6700E0935B /* NoteViewController.swift */,
				C71519602BA1E5F000E0935B /* NoteViewCoordinator.swift */,
				C74CB4112BA6FD08005A65AB /* NoteScreenPresenter.swift */,
			);
			path = NoteScreen;
			sourceTree = "<group>";
		};
		C71519572BA1DE8F00E0935B /* Coordinators */ = {
			isa = PBXGroup;
			children = (
				C71519582BA1DEB400E0935B /* Coordinator.swift */,
				C715195A2BA1E08300E0935B /* BaseCoordinator.swift */,
				C715195C2BA1E10B00E0935B /* AppCoordinator.swift */,
			);
			path = Coordinators;
			sourceTree = "<group>";
		};
		C73A144A2BA1873C0013D7DD = {
			isa = PBXGroup;
			children = (
				C73A14552BA1873C0013D7DD /* TryNotesApp */,
				C73A14542BA1873C0013D7DD /* Products */,
				F69E8ED27536F6338DA6AFE6 /* Pods */,
				B00A359501D61C0CEBA512B4 /* Frameworks */,
			);
			sourceTree = "<group>";
		};
		C73A14542BA1873C0013D7DD /* Products */ = {
			isa = PBXGroup;
			children = (
				C73A14532BA1873C0013D7DD /* TryNotesApp.app */,
			);
			name = Products;
			sourceTree = "<group>";
		};
		C73A14552BA1873C0013D7DD /* TryNotesApp */ = {
			isa = PBXGroup;
			children = (
				C74CB40C2BA6F9BC005A65AB /* Data */,
				C71519572BA1DE8F00E0935B /* Coordinators */,
				C71519542BA1DB4200E0935B /* NoteScreen */,
				C71519532BA1DB0200E0935B /* MainScreen */,
				C715194C2BA1B45300E0935B /* Metrics */,
				C745D6AC2BA188B800CF5CCC /* Core */,
				C73A145F2BA187400013D7DD /* Assets.xcassets */,
				C73A14612BA187400013D7DD /* LaunchScreen.storyboard */,
				C73A14642BA187400013D7DD /* Info.plist */,
			);
			path = TryNotesApp;
			sourceTree = "<group>";
		};
		C745D6AC2BA188B800CF5CCC /* Core */ = {
			isa = PBXGroup;
			children = (
				C73A14562BA1873C0013D7DD /* AppDelegate.swift */,
				C73A14582BA1873C0013D7DD /* SceneDelegate.swift */,
			);
			path = Core;
			sourceTree = "<group>";
		};
		C74CB40C2BA6F9BC005A65AB /* Data */ = {
			isa = PBXGroup;
			children = (
				C74CB40D2BA6F9F2005A65AB /* NotesManager.swift */,
			);
			path = Data;
			sourceTree = "<group>";
		};
		F69E8ED27536F6338DA6AFE6 /* Pods */ = {
			isa = PBXGroup;
			children = (
				628A9196FB32B27D3DEF3BAF /* Pods-TryNotesApp.debug.xcconfig */,
				E7E5C6EBF1371E1265C0A4F3 /* Pods-TryNotesApp.release.xcconfig */,
			);
			path = Pods;
			sourceTree = "<group>";
		};
/* End PBXGroup section */

/* Begin PBXNativeTarget section */
		C73A14522BA1873C0013D7DD /* TryNotesApp */ = {
			isa = PBXNativeTarget;
			buildConfigurationList = C73A14672BA187400013D7DD /* Build configuration list for PBXNativeTarget "TryNotesApp" */;
			buildPhases = (
				73B66D725AA9CCA16D79F999 /* [CP] Check Pods Manifest.lock */,
				C73A144F2BA1873C0013D7DD /* Sources */,
				C73A14502BA1873C0013D7DD /* Frameworks */,
				C73A14512BA1873C0013D7DD /* Resources */,
				184083DC59708F74597FCBD1 /* [CP] Copy Pods Resources */,
			);
			buildRules = (
			);
			dependencies = (
			);
			name = TryNotesApp;
			productName = TryNotesApp;
			productReference = C73A14532BA1873C0013D7DD /* TryNotesApp.app */;
			productType = "com.apple.product-type.application";
		};
/* End PBXNativeTarget section */

/* Begin PBXProject section */
		C73A144B2BA1873C0013D7DD /* Project object */ = {
			isa = PBXProject;
			attributes = {
				BuildIndependentTargetsInParallel = 1;
				LastSwiftUpdateCheck = 1500;
				LastUpgradeCheck = 1500;
				TargetAttributes = {
					C73A14522BA1873C0013D7DD = {
						CreatedOnToolsVersion = 15.0;
					};
				};
			};
			buildConfigurationList = C73A144E2BA1873C0013D7DD /* Build configuration list for PBXProject "TryNotesApp" */;
			compatibilityVersion = "Xcode 14.0";
			developmentRegion = en;
			hasScannedForEncodings = 0;
			knownRegions = (
				en,
				Base,
			);
			mainGroup = C73A144A2BA1873C0013D7DD;
			productRefGroup = C73A14542BA1873C0013D7DD /* Products */;
			projectDirPath = "";
			projectRoot = "";
			targets = (
				C73A14522BA1873C0013D7DD /* TryNotesApp */,
			);
		};
/* End PBXProject section */

/* Begin PBXResourcesBuildPhase section */
		C73A14512BA1873C0013D7DD /* Resources */ = {
			isa = PBXResourcesBuildPhase;
			buildActionMask = 2147483647;
			files = (
				C73A14632BA187400013D7DD /* LaunchScreen.storyboard in Resources */,
				C73A14602BA187400013D7DD /* Assets.xcassets in Resources */,
			);
			runOnlyForDeploymentPostprocessing = 0;
		};
/* End PBXResourcesBuildPhase section */

/* Begin PBXShellScriptBuildPhase section */
		184083DC59708F74597FCBD1 /* [CP] Copy Pods Resources */ = {
			isa = PBXShellScriptBuildPhase;
			buildActionMask = 2147483647;
			files = (
			);
			inputFileListPaths = (
				"${PODS_ROOT}/Target Support Files/Pods-TryNotesApp/Pods-TryNotesApp-resources-${CONFIGURATION}-input-files.xcfilelist",
			);
			name = "[CP] Copy Pods Resources";
			outputFileListPaths = (
				"${PODS_ROOT}/Target Support Files/Pods-TryNotesApp/Pods-TryNotesApp-resources-${CONFIGURATION}-output-files.xcfilelist",
			);
			runOnlyForDeploymentPostprocessing = 0;
			shellPath = /bin/sh;
			shellScript = "\"${PODS_ROOT}/Target Support Files/Pods-TryNotesApp/Pods-TryNotesApp-resources.sh\"\n";
			showEnvVarsInLog = 0;
		};
		73B66D725AA9CCA16D79F999 /* [CP] Check Pods Manifest.lock */ = {
			isa = PBXShellScriptBuildPhase;
			buildActionMask = 2147483647;
			files = (
			);
			inputFileListPaths = (
			);
			inputPaths = (
				"${PODS_PODFILE_DIR_PATH}/Podfile.lock",
				"${PODS_ROOT}/Manifest.lock",
			);
			name = "[CP] Check Pods Manifest.lock";
			outputFileListPaths = (
			);
			outputPaths = (
				"$(DERIVED_FILE_DIR)/Pods-TryNotesApp-checkManifestLockResult.txt",
			);
			runOnlyForDeploymentPostprocessing = 0;
			shellPath = /bin/sh;
			shellScript = "diff \"${PODS_PODFILE_DIR_PATH}/Podfile.lock\" \"${PODS_ROOT}/Manifest.lock\" > /dev/null\nif [ $? != 0 ] ; then\n    # print error to STDERR\n    echo \"error: The sandbox is not in sync with the Podfile.lock. Run 'pod install' or update your CocoaPods installation.\" >&2\n    exit 1\nfi\n# This output is used by Xcode 'outputs' to avoid re-running this script phase.\necho \"SUCCESS\" > \"${SCRIPT_OUTPUT_FILE_0}\"\n";
			showEnvVarsInLog = 0;
		};
/* End PBXShellScriptBuildPhase section */

/* Begin PBXSourcesBuildPhase section */
		C73A144F2BA1873C0013D7DD /* Sources */ = {
			isa = PBXSourcesBuildPhase;
			buildActionMask = 2147483647;
			files = (
				C71519592BA1DEB400E0935B /* Coordinator.swift in Sources */,
				C74CB4122BA6FD08005A65AB /* NoteScreenPresenter.swift in Sources */,
				C715195B2BA1E08300E0935B /* BaseCoordinator.swift in Sources */,
				C715195D2BA1E10B00E0935B /* AppCoordinator.swift in Sources */,
				C74CB40E2BA6F9F2005A65AB /* NotesManager.swift in Sources */,
				C71519562BA1DB6700E0935B /* NoteViewController.swift in Sources */,
				C715194E2BA1B47500E0935B /* Font.swift in Sources */,
				C74CB40B2BA6F92F005A65AB /* NoteModel.swift in Sources */,
				C73A145B2BA1873C0013D7DD /* ViewController.swift in Sources */,
				C73A14572BA1873C0013D7DD /* AppDelegate.swift in Sources */,
				C71519502BA1B48700E0935B /* Constraint.swift in Sources */,
				C715195F2BA1E1CF00E0935B /* MainScreenCoordinator.swift in Sources */,
				C71519612BA1E5F000E0935B /* NoteViewCoordinator.swift in Sources */,
				C73A14592BA1873C0013D7DD /* SceneDelegate.swift in Sources */,
				C71519522BA1C82A00E0935B /* NoteTableViewCell.swift in Sources */,
			);
			runOnlyForDeploymentPostprocessing = 0;
		};
/* End PBXSourcesBuildPhase section */

/* Begin PBXVariantGroup section */
		C73A14612BA187400013D7DD /* LaunchScreen.storyboard */ = {
			isa = PBXVariantGroup;
			children = (
				C73A14622BA187400013D7DD /* Base */,
			);
			name = LaunchScreen.storyboard;
			sourceTree = "<group>";
		};
/* End PBXVariantGroup section */

/* Begin XCBuildConfiguration section */
		C73A14652BA187400013D7DD /* Debug */ = {
			isa = XCBuildConfiguration;
			buildSettings = {
				ALWAYS_SEARCH_USER_PATHS = NO;
				ASSETCATALOG_COMPILER_GENERATE_SWIFT_ASSET_SYMBOL_EXTENSIONS = YES;
				CLANG_ANALYZER_NONNULL = YES;
				CLANG_ANALYZER_NUMBER_OBJECT_CONVERSION = YES_AGGRESSIVE;
				CLANG_CXX_LANGUAGE_STANDARD = "gnu++20";
				CLANG_ENABLE_MODULES = YES;
				CLANG_ENABLE_OBJC_ARC = YES;
				CLANG_ENABLE_OBJC_WEAK = YES;
				CLANG_WARN_BLOCK_CAPTURE_AUTORELEASING = YES;
				CLANG_WARN_BOOL_CONVERSION = YES;
				CLANG_WARN_COMMA = YES;
				CLANG_WARN_CONSTANT_CONVERSION = YES;
				CLANG_WARN_DEPRECATED_OBJC_IMPLEMENTATIONS = YES;
				CLANG_WARN_DIRECT_OBJC_ISA_USAGE = YES_ERROR;
				CLANG_WARN_DOCUMENTATION_COMMENTS = YES;
				CLANG_WARN_EMPTY_BODY = YES;
				CLANG_WARN_ENUM_CONVERSION = YES;
				CLANG_WARN_INFINITE_RECURSION = YES;
				CLANG_WARN_INT_CONVERSION = YES;
				CLANG_WARN_NON_LITERAL_NULL_CONVERSION = YES;
				CLANG_WARN_OBJC_IMPLICIT_RETAIN_SELF = YES;
				CLANG_WARN_OBJC_LITERAL_CONVERSION = YES;
				CLANG_WARN_OBJC_ROOT_CLASS = YES_ERROR;
				CLANG_WARN_QUOTED_INCLUDE_IN_FRAMEWORK_HEADER = YES;
				CLANG_WARN_RANGE_LOOP_ANALYSIS = YES;
				CLANG_WARN_STRICT_PROTOTYPES = YES;
				CLANG_WARN_SUSPICIOUS_MOVE = YES;
				CLANG_WARN_UNGUARDED_AVAILABILITY = YES_AGGRESSIVE;
				CLANG_WARN_UNREACHABLE_CODE = YES;
				CLANG_WARN__DUPLICATE_METHOD_MATCH = YES;
				COPY_PHASE_STRIP = NO;
				DEBUG_INFORMATION_FORMAT = dwarf;
				ENABLE_STRICT_OBJC_MSGSEND = YES;
				ENABLE_TESTABILITY = YES;
				ENABLE_USER_SCRIPT_SANDBOXING = NO;
				GCC_C_LANGUAGE_STANDARD = gnu17;
				GCC_DYNAMIC_NO_PIC = NO;
				GCC_NO_COMMON_BLOCKS = YES;
				GCC_OPTIMIZATION_LEVEL = 0;
				GCC_PREPROCESSOR_DEFINITIONS = (
					"DEBUG=1",
					"$(inherited)",
				);
				GCC_WARN_64_TO_32_BIT_CONVERSION = YES;
				GCC_WARN_ABOUT_RETURN_TYPE = YES_ERROR;
				GCC_WARN_UNDECLARED_SELECTOR = YES;
				GCC_WARN_UNINITIALIZED_AUTOS = YES_AGGRESSIVE;
				GCC_WARN_UNUSED_FUNCTION = YES;
				GCC_WARN_UNUSED_VARIABLE = YES;
				IPHONEOS_DEPLOYMENT_TARGET = 17.0;
				LOCALIZATION_PREFERS_STRING_CATALOGS = YES;
				MTL_ENABLE_DEBUG_INFO = INCLUDE_SOURCE;
				MTL_FAST_MATH = YES;
				ONLY_ACTIVE_ARCH = YES;
				SDKROOT = iphoneos;
				SWIFT_ACTIVE_COMPILATION_CONDITIONS = "DEBUG $(inherited)";
				SWIFT_OPTIMIZATION_LEVEL = "-Onone";
			};
			name = Debug;
		};
		C73A14662BA187400013D7DD /* Release */ = {
			isa = XCBuildConfiguration;
			buildSettings = {
				ALWAYS_SEARCH_USER_PATHS = NO;
				ASSETCATALOG_COMPILER_GENERATE_SWIFT_ASSET_SYMBOL_EXTENSIONS = YES;
				CLANG_ANALYZER_NONNULL = YES;
				CLANG_ANALYZER_NUMBER_OBJECT_CONVERSION = YES_AGGRESSIVE;
				CLANG_CXX_LANGUAGE_STANDARD = "gnu++20";
				CLANG_ENABLE_MODULES = YES;
				CLANG_ENABLE_OBJC_ARC = YES;
				CLANG_ENABLE_OBJC_WEAK = YES;
				CLANG_WARN_BLOCK_CAPTURE_AUTORELEASING = YES;
				CLANG_WARN_BOOL_CONVERSION = YES;
				CLANG_WARN_COMMA = YES;
				CLANG_WARN_CONSTANT_CONVERSION = YES;
				CLANG_WARN_DEPRECATED_OBJC_IMPLEMENTATIONS = YES;
				CLANG_WARN_DIRECT_OBJC_ISA_USAGE = YES_ERROR;
				CLANG_WARN_DOCUMENTATION_COMMENTS = YES;
				CLANG_WARN_EMPTY_BODY = YES;
				CLANG_WARN_ENUM_CONVERSION = YES;
				CLANG_WARN_INFINITE_RECURSION = YES;
				CLANG_WARN_INT_CONVERSION = YES;
				CLANG_WARN_NON_LITERAL_NULL_CONVERSION = YES;
				CLANG_WARN_OBJC_IMPLICIT_RETAIN_SELF = YES;
				CLANG_WARN_OBJC_LITERAL_CONVERSION = YES;
				CLANG_WARN_OBJC_ROOT_CLASS = YES_ERROR;
				CLANG_WARN_QUOTED_INCLUDE_IN_FRAMEWORK_HEADER = YES;
				CLANG_WARN_RANGE_LOOP_ANALYSIS = YES;
				CLANG_WARN_STRICT_PROTOTYPES = YES;
				CLANG_WARN_SUSPICIOUS_MOVE = YES;
				CLANG_WARN_UNGUARDED_AVAILABILITY = YES_AGGRESSIVE;
				CLANG_WARN_UNREACHABLE_CODE = YES;
				CLANG_WARN__DUPLICATE_METHOD_MATCH = YES;
				COPY_PHASE_STRIP = NO;
				DEBUG_INFORMATION_FORMAT = "dwarf-with-dsym";
				ENABLE_NS_ASSERTIONS = NO;
				ENABLE_STRICT_OBJC_MSGSEND = YES;
				ENABLE_USER_SCRIPT_SANDBOXING = NO;
				GCC_C_LANGUAGE_STANDARD = gnu17;
				GCC_NO_COMMON_BLOCKS = YES;
				GCC_WARN_64_TO_32_BIT_CONVERSION = YES;
				GCC_WARN_ABOUT_RETURN_TYPE = YES_ERROR;
				GCC_WARN_UNDECLARED_SELECTOR = YES;
				GCC_WARN_UNINITIALIZED_AUTOS = YES_AGGRESSIVE;
				GCC_WARN_UNUSED_FUNCTION = YES;
				GCC_WARN_UNUSED_VARIABLE = YES;
				IPHONEOS_DEPLOYMENT_TARGET = 17.0;
				LOCALIZATION_PREFERS_STRING_CATALOGS = YES;
				MTL_ENABLE_DEBUG_INFO = NO;
				MTL_FAST_MATH = YES;
				SDKROOT = iphoneos;
				SWIFT_COMPILATION_MODE = wholemodule;
				VALIDATE_PRODUCT = YES;
			};
			name = Release;
		};
		C73A14682BA187400013D7DD /* Debug */ = {
			isa = XCBuildConfiguration;
			baseConfigurationReference = 628A9196FB32B27D3DEF3BAF /* Pods-TryNotesApp.debug.xcconfig */;
			buildSettings = {
				ASSETCATALOG_COMPILER_APPICON_NAME = AppIcon;
				ASSETCATALOG_COMPILER_GLOBAL_ACCENT_COLOR_NAME = AccentColor;
				CODE_SIGN_STYLE = Automatic;
				CURRENT_PROJECT_VERSION = 1;
				DEVELOPMENT_TEAM = 3R6N9A7V56;
				GENERATE_INFOPLIST_FILE = YES;
				INFOPLIST_FILE = TryNotesApp/Info.plist;
				INFOPLIST_KEY_UIApplicationSupportsIndirectInputEvents = YES;
				INFOPLIST_KEY_UILaunchStoryboardName = LaunchScreen;
				INFOPLIST_KEY_UISupportedInterfaceOrientations_iPad = "UIInterfaceOrientationPortrait UIInterfaceOrientationPortraitUpsideDown UIInterfaceOrientationLandscapeLeft UIInterfaceOrientationLandscapeRight";
				INFOPLIST_KEY_UISupportedInterfaceOrientations_iPhone = "UIInterfaceOrientationPortrait UIInterfaceOrientationLandscapeLeft UIInterfaceOrientationLandscapeRight";
				IPHONEOS_DEPLOYMENT_TARGET = 15.0;
				LD_RUNPATH_SEARCH_PATHS = (
					"$(inherited)",
					"@executable_path/Frameworks",
				);
				MARKETING_VERSION = 1.0;
				PRODUCT_BUNDLE_IDENTIFIER = "alex-sockolow.TryNotesApp";
				PRODUCT_NAME = "$(TARGET_NAME)";
				SUPPORTED_PLATFORMS = "iphoneos iphonesimulator";
				SUPPORTS_MACCATALYST = NO;
				SUPPORTS_MAC_DESIGNED_FOR_IPHONE_IPAD = NO;
				SWIFT_EMIT_LOC_STRINGS = YES;
				SWIFT_VERSION = 5.0;
				TARGETED_DEVICE_FAMILY = 1;
			};
			name = Debug;
		};
		C73A14692BA187400013D7DD /* Release */ = {
			isa = XCBuildConfiguration;
			baseConfigurationReference = E7E5C6EBF1371E1265C0A4F3 /* Pods-TryNotesApp.release.xcconfig */;
			buildSettings = {
				ASSETCATALOG_COMPILER_APPICON_NAME = AppIcon;
				ASSETCATALOG_COMPILER_GLOBAL_ACCENT_COLOR_NAME = AccentColor;
				CODE_SIGN_STYLE = Automatic;
				CURRENT_PROJECT_VERSION = 1;
				DEVELOPMENT_TEAM = 3R6N9A7V56;
				GENERATE_INFOPLIST_FILE = YES;
				INFOPLIST_FILE = TryNotesApp/Info.plist;
				INFOPLIST_KEY_UIApplicationSupportsIndirectInputEvents = YES;
				INFOPLIST_KEY_UILaunchStoryboardName = LaunchScreen;
				INFOPLIST_KEY_UISupportedInterfaceOrientations_iPad = "UIInterfaceOrientationPortrait UIInterfaceOrientationPortraitUpsideDown UIInterfaceOrientationLandscapeLeft UIInterfaceOrientationLandscapeRight";
				INFOPLIST_KEY_UISupportedInterfaceOrientations_iPhone = "UIInterfaceOrientationPortrait UIInterfaceOrientationLandscapeLeft UIInterfaceOrientationLandscapeRight";
				IPHONEOS_DEPLOYMENT_TARGET = 15.0;
				LD_RUNPATH_SEARCH_PATHS = (
					"$(inherited)",
					"@executable_path/Frameworks",
				);
				MARKETING_VERSION = 1.0;
				PRODUCT_BUNDLE_IDENTIFIER = "alex-sockolow.TryNotesApp";
				PRODUCT_NAME = "$(TARGET_NAME)";
				SUPPORTED_PLATFORMS = "iphoneos iphonesimulator";
				SUPPORTS_MACCATALYST = NO;
				SUPPORTS_MAC_DESIGNED_FOR_IPHONE_IPAD = NO;
				SWIFT_EMIT_LOC_STRINGS = YES;
				SWIFT_VERSION = 5.0;
				TARGETED_DEVICE_FAMILY = 1;
			};
			name = Release;
		};
/* End XCBuildConfiguration section */

/* Begin XCConfigurationList section */
		C73A144E2BA1873C0013D7DD /* Build configuration list for PBXProject "TryNotesApp" */ = {
			isa = XCConfigurationList;
			buildConfigurations = (
				C73A14652BA187400013D7DD /* Debug */,
				C73A14662BA187400013D7DD /* Release */,
			);
			defaultConfigurationIsVisible = 0;
			defaultConfigurationName = Release;
		};
		C73A14672BA187400013D7DD /* Build configuration list for PBXNativeTarget "TryNotesApp" */ = {
			isa = XCConfigurationList;
			buildConfigurations = (
				C73A14682BA187400013D7DD /* Debug */,
				C73A14692BA187400013D7DD /* Release */,
			);
			defaultConfigurationIsVisible = 0;
			defaultConfigurationName = Release;
		};
/* End XCConfigurationList section */
	};
	rootObject = C73A144B2BA1873C0013D7DD /* Project object */;
}
